
Microsoft Visual Studio Solution File, Format Version 12.00
# Visual Studio Version 16
VisualStudioVersion = 16.0.28922.388
MinimumVisualStudioVersion = 10.0.40219.1
Project("{2150E333-8FDC-42A3-9474-1A3956D46DE8}") = "Solution Items", "Solution Items", "{546C9464-8916-4C9C-B972-A2463BC2707E}"
	ProjectSection(SolutionItems) = preProject
		.editorconfig = .editorconfig
	EndProjectSection
EndProject
Project("{2150E333-8FDC-42A3-9474-1A3956D46DE8}") = "Algorithms", "Algorithms", "{48432F20-0205-46B8-983C-53CAAF0031AD}"
EndProject
Project("{2150E333-8FDC-42A3-9474-1A3956D46DE8}") = "DataStructures", "DataStructures", "{D1349B1A-6B18-46A5-A8C2-C15D54CC6F2B}"
EndProject
Project("{2150E333-8FDC-42A3-9474-1A3956D46DE8}") = "Lib", "Lib", "{A6679B72-0FB3-457B-82DE-FF63A0EF92C8}"
EndProject
Project("{9A19103F-16F7-4668-BE54-9A1E7A4F7556}") = "Node", "DataStructures\Lib\Node\Node.csproj", "{68DA8157-1A42-4957-AEB3-900773181C96}"
EndProject
Project("{9A19103F-16F7-4668-BE54-9A1E7A4F7556}") = "Main", "DataStructures\Main\Main.csproj", "{F3C38F87-2E5D-431D-AE90-352E3B007088}"
EndProject
Project("{9A19103F-16F7-4668-BE54-9A1E7A4F7556}") = "DataStructures", "DataStructures\Export\DataStructures.csproj", "{DF4B590D-98A3-400E-AB80-CAD0FCD0527C}"
EndProject
Project("{9A19103F-16F7-4668-BE54-9A1E7A4F7556}") = "Collections", "DataStructures\Lib\Collections\Collections.csproj", "{97969DED-4E10-4A23-891E-A39928B5FA67}"
EndProject
Project("{FAE04EC0-301F-11D3-BF4B-00C04F79EFBC}") = "Miscellaneous", "DataStructures\Lib\Miscellaneous\Miscellaneous.csproj", "{8C4B60FF-CE0C-4BDD-98AE-9E6DCEC0BE5C}"
EndProject
Project("{2150E333-8FDC-42A3-9474-1A3956D46DE8}") = "Lib", "Lib", "{60D53A0B-FF23-4FDB-B40B-9B37AE0409F6}"
EndProject
Project("{FAE04EC0-301F-11D3-BF4B-00C04F79EFBC}") = "Backtracking", "Algorithms\Lib\Backtracking\Backtracking.csproj", "{45E81604-1EDF-4C94-B6D4-6D30AD9E901F}"
EndProject
Project("{FAE04EC0-301F-11D3-BF4B-00C04F79EFBC}") = "MainAlgo", "Algorithms\MainAlgo\MainAlgo.csproj", "{95169E2E-FCF7-485A-B1DA-709AC87DA24D}"
EndProject
Project("{FAE04EC0-301F-11D3-BF4B-00C04F79EFBC}") = "Algorithms", "Algorithms\Export\Algorithms.csproj", "{3AB17187-435A-4139-9288-FFD17E65C74D}"
EndProject
Global
	GlobalSection(SolutionConfigurationPlatforms) = preSolution
		Debug|Any CPU = Debug|Any CPU
		Release|Any CPU = Release|Any CPU
	EndGlobalSection
	GlobalSection(ProjectConfigurationPlatforms) = postSolution
		{68DA8157-1A42-4957-AEB3-900773181C96}.Debug|Any CPU.ActiveCfg = Debug|Any CPU
		{68DA8157-1A42-4957-AEB3-900773181C96}.Debug|Any CPU.Build.0 = Debug|Any CPU
		{68DA8157-1A42-4957-AEB3-900773181C96}.Release|Any CPU.ActiveCfg = Release|Any CPU
		{68DA8157-1A42-4957-AEB3-900773181C96}.Release|Any CPU.Build.0 = Release|Any CPU
		{F3C38F87-2E5D-431D-AE90-352E3B007088}.Debug|Any CPU.ActiveCfg = Debug|Any CPU
		{F3C38F87-2E5D-431D-AE90-352E3B007088}.Debug|Any CPU.Build.0 = Debug|Any CPU
		{F3C38F87-2E5D-431D-AE90-352E3B007088}.Release|Any CPU.ActiveCfg = Release|Any CPU
		{F3C38F87-2E5D-431D-AE90-352E3B007088}.Release|Any CPU.Build.0 = Release|Any CPU
		{DF4B590D-98A3-400E-AB80-CAD0FCD0527C}.Debug|Any CPU.ActiveCfg = Debug|Any CPU
		{DF4B590D-98A3-400E-AB80-CAD0FCD0527C}.Debug|Any CPU.Build.0 = Debug|Any CPU
		{DF4B590D-98A3-400E-AB80-CAD0FCD0527C}.Release|Any CPU.ActiveCfg = Release|Any CPU
		{DF4B590D-98A3-400E-AB80-CAD0FCD0527C}.Release|Any CPU.Build.0 = Release|Any CPU
		{97969DED-4E10-4A23-891E-A39928B5FA67}.Debug|Any CPU.ActiveCfg = Debug|Any CPU
		{97969DED-4E10-4A23-891E-A39928B5FA67}.Debug|Any CPU.Build.0 = Debug|Any CPU
		{97969DED-4E10-4A23-891E-A39928B5FA67}.Release|Any CPU.ActiveCfg = Release|Any CPU
		{97969DED-4E10-4A23-891E-A39928B5FA67}.Release|Any CPU.Build.0 = Release|Any CPU
		{8C4B60FF-CE0C-4BDD-98AE-9E6DCEC0BE5C}.Debug|Any CPU.ActiveCfg = Debug|Any CPU
		{8C4B60FF-CE0C-4BDD-98AE-9E6DCEC0BE5C}.Debug|Any CPU.Build.0 = Debug|Any CPU
		{8C4B60FF-CE0C-4BDD-98AE-9E6DCEC0BE5C}.Release|Any CPU.ActiveCfg = Release|Any CPU
		{8C4B60FF-CE0C-4BDD-98AE-9E6DCEC0BE5C}.Release|Any CPU.Build.0 = Release|Any CPU
		{45E81604-1EDF-4C94-B6D4-6D30AD9E901F}.Debug|Any CPU.ActiveCfg = Debug|Any CPU
		{45E81604-1EDF-4C94-B6D4-6D30AD9E901F}.Debug|Any CPU.Build.0 = Debug|Any CPU
		{45E81604-1EDF-4C94-B6D4-6D30AD9E901F}.Release|Any CPU.ActiveCfg = Release|Any CPU
		{45E81604-1EDF-4C94-B6D4-6D30AD9E901F}.Release|Any CPU.Build.0 = Release|Any CPU
		{95169E2E-FCF7-485A-B1DA-709AC87DA24D}.Debug|Any CPU.ActiveCfg = Debug|Any CPU
		{95169E2E-FCF7-485A-B1DA-709AC87DA24D}.Debug|Any CPU.Build.0 = Debug|Any CPU
		{95169E2E-FCF7-485A-B1DA-709AC87DA24D}.Release|Any CPU.ActiveCfg = Release|Any CPU
		{95169E2E-FCF7-485A-B1DA-709AC87DA24D}.Release|Any CPU.Build.0 = Release|Any CPU
		{3AB17187-435A-4139-9288-FFD17E65C74D}.Debug|Any CPU.ActiveCfg = Debug|Any CPU
		{3AB17187-435A-4139-9288-FFD17E65C74D}.Debug|Any CPU.Build.0 = Debug|Any CPU
		{3AB17187-435A-4139-9288-FFD17E65C74D}.Release|Any CPU.ActiveCfg = Release|Any CPU
		{3AB17187-435A-4139-9288-FFD17E65C74D}.Release|Any CPU.Build.0 = Release|Any CPU
	EndGlobalSection
	GlobalSection(SolutionProperties) = preSolution
		HideSolutionNode = FALSE
	EndGlobalSection
	GlobalSection(NestedProjects) = preSolution
		{A6679B72-0FB3-457B-82DE-FF63A0EF92C8} = {D1349B1A-6B18-46A5-A8C2-C15D54CC6F2B}
		{68DA8157-1A42-4957-AEB3-900773181C96} = {A6679B72-0FB3-457B-82DE-FF63A0EF92C8}
		{F3C38F87-2E5D-431D-AE90-352E3B007088} = {D1349B1A-6B18-46A5-A8C2-C15D54CC6F2B}
		{DF4B590D-98A3-400E-AB80-CAD0FCD0527C} = {D1349B1A-6B18-46A5-A8C2-C15D54CC6F2B}
		{97969DED-4E10-4A23-891E-A39928B5FA67} = {A6679B72-0FB3-457B-82DE-FF63A0EF92C8}
		{8C4B60FF-CE0C-4BDD-98AE-9E6DCEC0BE5C} = {A6679B72-0FB3-457B-82DE-FF63A0EF92C8}
		{60D53A0B-FF23-4FDB-B40B-9B37AE0409F6} = {48432F20-0205-46B8-983C-53CAAF0031AD}
		{45E81604-1EDF-4C94-B6D4-6D30AD9E901F} = {60D53A0B-FF23-4FDB-B40B-9B37AE0409F6}
		{95169E2E-FCF7-485A-B1DA-709AC87DA24D} = {48432F20-0205-46B8-983C-53CAAF0031AD}
		{3AB17187-435A-4139-9288-FFD17E65C74D} = {48432F20-0205-46B8-983C-53CAAF0031AD}
	EndGlobalSection
	GlobalSection(ExtensibilityGlobals) = postSolution
		SolutionGuid = {A7771371-6E99-4024-AEEC-BE28D0DE17B2}
	EndGlobalSection
EndGlobal
