Microsoft Visual Studio Solution File, Format Version 12.00
# Visual Studio Version 16
VisualStudioVersion = 16.0.28803.352
MinimumVisualStudioVersion = 10.0.40219.1
Project("{2150E333-8FDC-42A3-9474-1A3956D46DE8}") = "Lib", "Lib", "{06B558B0-ED1F-4560-A091-ED29B1331A6C}"
EndProject
Project("{2150E333-8FDC-42A3-9474-1A3956D46DE8}") = "googletest", "googletest", "{E4DC465C-7807-49B2-B72E-CE8FAE2E63D3}"
EndProject
Project("{8BC9CEB8-8B4A-11D0-8D11-00A0C91BC942}") = "gtest", "Lib\googletest\googletest\gtest.vcxproj", "{C8F6C172-56F2-4E76-B5FA-C3B423B31BE7}"
EndProject
Project("{8BC9CEB8-8B4A-11D0-8D11-00A0C91BC942}") = "gtest_main", "Lib\googletest\googletest\gtest_main.vcxproj", "{3AF54C8A-10BF-4332-9147-F68ED9862032}"
EndProject
Project("{8BC9CEB8-8B4A-11D0-8D11-00A0C91BC942}") = "gmock", "Lib\googletest\googlemock\gmock.vcxproj", "{34681F0D-CE45-415D-B5F2-5C662DFE3BD5}"
EndProject
Project("{8BC9CEB8-8B4A-11D0-8D11-00A0C91BC942}") = "gmock_main", "Lib\googletest\googlemock\gmock_main.vcxproj", "{E4EF614B-30DF-4954-8C53-580A0BF6B589}"
EndProject
Project("{2150E333-8FDC-42A3-9474-1A3956D46DE8}") = "Src", "Src", "{AF473794-100F-458A-AF5D-149E05300A5A}"
EndProject
Project("{2150E333-8FDC-42A3-9474-1A3956D46DE8}") = "DataStructures", "DataStructures", "{0DA9E094-88CD-427E-8135-0AE12C1A6B49}"
EndProject
Project("{2150E333-8FDC-42A3-9474-1A3956D46DE8}") = "Array", "Array", "{B8387463-C619-429B-8F37-EF7D6769382A}"
EndProject
Project("{8BC9CEB8-8B4A-11D0-8D11-00A0C91BC942}") = "ArrayLib", "Src\DataStructures\Array\ArrayLib\ArrayLib.vcxproj", "{E9F38FA5-28C2-4ACF-8E70-D37B3BC57980}"
EndProject
Project("{8BC9CEB8-8B4A-11D0-8D11-00A0C91BC942}") = "ArrayMain", "Src\DataStructures\Array\ArrayMain\ArrayMain.vcxproj", "{E5770D33-BF1C-49ED-BEA8-A47A4681F29D}"
EndProject
Project("{2150E333-8FDC-42A3-9474-1A3956D46DE8}") = "Node", "Node", "{4E155524-EFC0-4A65-A519-B8951D167095}"
EndProject
Project("{8BC9CEB8-8B4A-11D0-8D11-00A0C91BC942}") = "NodeLib", "Src\DataStructures\Node\NodeLib\NodeLib.vcxproj", "{ACAED55E-A091-48D8-99C9-FAD3DF45D1F5}"
EndProject
Project("{8BC9CEB8-8B4A-11D0-8D11-00A0C91BC942}") = "NodeMain", "Src\DataStructures\Node\NodeMain\NodeMain.vcxproj", "{D9559344-9EE2-4830-89E7-972068B033DC}"
EndProject
Project("{2150E333-8FDC-42A3-9474-1A3956D46DE8}") = "Test", "Test", "{D7C24ABF-BD71-4B0A-8539-CF91B1D6770F}"
EndProject
Project("{2150E333-8FDC-42A3-9474-1A3956D46DE8}") = "DataStructures", "DataStructures", "{FF1998DD-CC83-4D8C-9DF2-5C54BF6090B7}"
EndProject
Project("{8BC9CEB8-8B4A-11D0-8D11-00A0C91BC942}") = "TestArray", "Test\DataStructures\Array\TestArray.vcxproj", "{0738FF69-C145-4C42-BB48-2B9175C1962C}"
EndProject
Project("{8BC9CEB8-8B4A-11D0-8D11-00A0C91BC942}") = "TestNode", "Test\DataStructures\Node\TestNode.vcxproj", "{D07A8354-BC95-4B63-988E-303821C54B62}"
EndProject
Global
	GlobalSection(SolutionConfigurationPlatforms) = preSolution
		Debug|x64 = Debug|x64
		Debug|x86 = Debug|x86
		Release|x64 = Release|x64
		Release|x86 = Release|x86
	EndGlobalSection
	GlobalSection(ProjectConfigurationPlatforms) = postSolution
		{C8F6C172-56F2-4E76-B5FA-C3B423B31BE7}.Debug|x64.ActiveCfg = Debug|x64
		{C8F6C172-56F2-4E76-B5FA-C3B423B31BE7}.Debug|x64.Build.0 = Debug|x64
		{C8F6C172-56F2-4E76-B5FA-C3B423B31BE7}.Debug|x86.ActiveCfg = Debug|Win32
		{C8F6C172-56F2-4E76-B5FA-C3B423B31BE7}.Debug|x86.Build.0 = Debug|Win32
		{C8F6C172-56F2-4E76-B5FA-C3B423B31BE7}.Release|x64.ActiveCfg = Release|x64
		{C8F6C172-56F2-4E76-B5FA-C3B423B31BE7}.Release|x64.Build.0 = Release|x64
		{C8F6C172-56F2-4E76-B5FA-C3B423B31BE7}.Release|x86.ActiveCfg = Release|Win32
		{C8F6C172-56F2-4E76-B5FA-C3B423B31BE7}.Release|x86.Build.0 = Release|Win32
		{3AF54C8A-10BF-4332-9147-F68ED9862032}.Debug|x64.ActiveCfg = Debug|x64
		{3AF54C8A-10BF-4332-9147-F68ED9862032}.Debug|x64.Build.0 = Debug|x64
		{3AF54C8A-10BF-4332-9147-F68ED9862032}.Debug|x86.ActiveCfg = Debug|Win32
		{3AF54C8A-10BF-4332-9147-F68ED9862032}.Debug|x86.Build.0 = Debug|Win32
		{3AF54C8A-10BF-4332-9147-F68ED9862032}.Release|x64.ActiveCfg = Release|x64
		{3AF54C8A-10BF-4332-9147-F68ED9862032}.Release|x64.Build.0 = Release|x64
		{3AF54C8A-10BF-4332-9147-F68ED9862032}.Release|x86.ActiveCfg = Release|Win32
		{3AF54C8A-10BF-4332-9147-F68ED9862032}.Release|x86.Build.0 = Release|Win32
		{34681F0D-CE45-415D-B5F2-5C662DFE3BD5}.Debug|x64.ActiveCfg = Debug|x64
		{34681F0D-CE45-415D-B5F2-5C662DFE3BD5}.Debug|x64.Build.0 = Debug|x64
		{34681F0D-CE45-415D-B5F2-5C662DFE3BD5}.Debug|x86.ActiveCfg = Debug|Win32
		{34681F0D-CE45-415D-B5F2-5C662DFE3BD5}.Debug|x86.Build.0 = Debug|Win32
		{34681F0D-CE45-415D-B5F2-5C662DFE3BD5}.Release|x64.ActiveCfg = Release|x64
		{34681F0D-CE45-415D-B5F2-5C662DFE3BD5}.Release|x64.Build.0 = Release|x64
		{34681F0D-CE45-415D-B5F2-5C662DFE3BD5}.Release|x86.ActiveCfg = Release|Win32
		{34681F0D-CE45-415D-B5F2-5C662DFE3BD5}.Release|x86.Build.0 = Release|Win32
		{E4EF614B-30DF-4954-8C53-580A0BF6B589}.Debug|x64.ActiveCfg = Debug|x64
		{E4EF614B-30DF-4954-8C53-580A0BF6B589}.Debug|x64.Build.0 = Debug|x64
		{E4EF614B-30DF-4954-8C53-580A0BF6B589}.Debug|x86.ActiveCfg = Debug|Win32
		{E4EF614B-30DF-4954-8C53-580A0BF6B589}.Debug|x86.Build.0 = Debug|Win32
		{E4EF614B-30DF-4954-8C53-580A0BF6B589}.Release|x64.ActiveCfg = Release|x64
		{E4EF614B-30DF-4954-8C53-580A0BF6B589}.Release|x64.Build.0 = Release|x64
		{E4EF614B-30DF-4954-8C53-580A0BF6B589}.Release|x86.ActiveCfg = Release|Win32
		{E4EF614B-30DF-4954-8C53-580A0BF6B589}.Release|x86.Build.0 = Release|Win32
		{E9F38FA5-28C2-4ACF-8E70-D37B3BC57980}.Debug|x64.ActiveCfg = Debug|x64
		{E9F38FA5-28C2-4ACF-8E70-D37B3BC57980}.Debug|x64.Build.0 = Debug|x64
		{E9F38FA5-28C2-4ACF-8E70-D37B3BC57980}.Debug|x86.ActiveCfg = Debug|Win32
		{E9F38FA5-28C2-4ACF-8E70-D37B3BC57980}.Debug|x86.Build.0 = Debug|Win32
		{E9F38FA5-28C2-4ACF-8E70-D37B3BC57980}.Release|x64.ActiveCfg = Release|x64
		{E9F38FA5-28C2-4ACF-8E70-D37B3BC57980}.Release|x64.Build.0 = Release|x64
		{E9F38FA5-28C2-4ACF-8E70-D37B3BC57980}.Release|x86.ActiveCfg = Release|Win32
		{E9F38FA5-28C2-4ACF-8E70-D37B3BC57980}.Release|x86.Build.0 = Release|Win32
		{E5770D33-BF1C-49ED-BEA8-A47A4681F29D}.Debug|x64.ActiveCfg = Debug|x64
		{E5770D33-BF1C-49ED-BEA8-A47A4681F29D}.Debug|x64.Build.0 = Debug|x64
		{E5770D33-BF1C-49ED-BEA8-A47A4681F29D}.Debug|x86.ActiveCfg = Debug|Win32
		{E5770D33-BF1C-49ED-BEA8-A47A4681F29D}.Debug|x86.Build.0 = Debug|Win32
		{E5770D33-BF1C-49ED-BEA8-A47A4681F29D}.Release|x64.ActiveCfg = Release|x64
		{E5770D33-BF1C-49ED-BEA8-A47A4681F29D}.Release|x64.Build.0 = Release|x64
		{E5770D33-BF1C-49ED-BEA8-A47A4681F29D}.Release|x86.ActiveCfg = Release|Win32
		{E5770D33-BF1C-49ED-BEA8-A47A4681F29D}.Release|x86.Build.0 = Release|Win32
		{ACAED55E-A091-48D8-99C9-FAD3DF45D1F5}.Debug|x64.ActiveCfg = Debug|x64
		{ACAED55E-A091-48D8-99C9-FAD3DF45D1F5}.Debug|x64.Build.0 = Debug|x64
		{ACAED55E-A091-48D8-99C9-FAD3DF45D1F5}.Debug|x86.ActiveCfg = Debug|Win32
		{ACAED55E-A091-48D8-99C9-FAD3DF45D1F5}.Debug|x86.Build.0 = Debug|Win32
		{ACAED55E-A091-48D8-99C9-FAD3DF45D1F5}.Release|x64.ActiveCfg = Release|x64
		{ACAED55E-A091-48D8-99C9-FAD3DF45D1F5}.Release|x64.Build.0 = Release|x64
		{ACAED55E-A091-48D8-99C9-FAD3DF45D1F5}.Release|x86.ActiveCfg = Release|Win32
		{ACAED55E-A091-48D8-99C9-FAD3DF45D1F5}.Release|x86.Build.0 = Release|Win32
		{D9559344-9EE2-4830-89E7-972068B033DC}.Debug|x64.ActiveCfg = Debug|x64
		{D9559344-9EE2-4830-89E7-972068B033DC}.Debug|x64.Build.0 = Debug|x64
		{D9559344-9EE2-4830-89E7-972068B033DC}.Debug|x86.ActiveCfg = Debug|Win32
		{D9559344-9EE2-4830-89E7-972068B033DC}.Debug|x86.Build.0 = Debug|Win32
		{D9559344-9EE2-4830-89E7-972068B033DC}.Release|x64.ActiveCfg = Release|x64
		{D9559344-9EE2-4830-89E7-972068B033DC}.Release|x64.Build.0 = Release|x64
		{D9559344-9EE2-4830-89E7-972068B033DC}.Release|x86.ActiveCfg = Release|Win32
		{D9559344-9EE2-4830-89E7-972068B033DC}.Release|x86.Build.0 = Release|Win32
		{0738FF69-C145-4C42-BB48-2B9175C1962C}.Debug|x64.ActiveCfg = Debug|x64
		{0738FF69-C145-4C42-BB48-2B9175C1962C}.Debug|x64.Build.0 = Debug|x64
		{0738FF69-C145-4C42-BB48-2B9175C1962C}.Debug|x86.ActiveCfg = Debug|Win32
		{0738FF69-C145-4C42-BB48-2B9175C1962C}.Debug|x86.Build.0 = Debug|Win32
		{0738FF69-C145-4C42-BB48-2B9175C1962C}.Release|x64.ActiveCfg = Release|x64
		{0738FF69-C145-4C42-BB48-2B9175C1962C}.Release|x64.Build.0 = Release|x64
		{0738FF69-C145-4C42-BB48-2B9175C1962C}.Release|x86.ActiveCfg = Release|Win32
		{0738FF69-C145-4C42-BB48-2B9175C1962C}.Release|x86.Build.0 = Release|Win32
		{D07A8354-BC95-4B63-988E-303821C54B62}.Debug|x64.ActiveCfg = Debug|x64
		{D07A8354-BC95-4B63-988E-303821C54B62}.Debug|x64.Build.0 = Debug|x64
		{D07A8354-BC95-4B63-988E-303821C54B62}.Debug|x86.ActiveCfg = Debug|Win32
		{D07A8354-BC95-4B63-988E-303821C54B62}.Debug|x86.Build.0 = Debug|Win32
		{D07A8354-BC95-4B63-988E-303821C54B62}.Release|x64.ActiveCfg = Release|x64
		{D07A8354-BC95-4B63-988E-303821C54B62}.Release|x64.Build.0 = Release|x64
		{D07A8354-BC95-4B63-988E-303821C54B62}.Release|x86.ActiveCfg = Release|Win32
		{D07A8354-BC95-4B63-988E-303821C54B62}.Release|x86.Build.0 = Release|Win32
	EndGlobalSection
	GlobalSection(SolutionProperties) = preSolution
		HideSolutionNode = FALSE
	EndGlobalSection
	GlobalSection(NestedProjects) = preSolution
		{E4DC465C-7807-49B2-B72E-CE8FAE2E63D3} = {06B558B0-ED1F-4560-A091-ED29B1331A6C}
		{C8F6C172-56F2-4E76-B5FA-C3B423B31BE7} = {E4DC465C-7807-49B2-B72E-CE8FAE2E63D3}
		{3AF54C8A-10BF-4332-9147-F68ED9862032} = {E4DC465C-7807-49B2-B72E-CE8FAE2E63D3}
		{34681F0D-CE45-415D-B5F2-5C662DFE3BD5} = {E4DC465C-7807-49B2-B72E-CE8FAE2E63D3}
		{E4EF614B-30DF-4954-8C53-580A0BF6B589} = {E4DC465C-7807-49B2-B72E-CE8FAE2E63D3}
		{0DA9E094-88CD-427E-8135-0AE12C1A6B49} = {AF473794-100F-458A-AF5D-149E05300A5A}
		{B8387463-C619-429B-8F37-EF7D6769382A} = {0DA9E094-88CD-427E-8135-0AE12C1A6B49}
		{E9F38FA5-28C2-4ACF-8E70-D37B3BC57980} = {B8387463-C619-429B-8F37-EF7D6769382A}
		{E5770D33-BF1C-49ED-BEA8-A47A4681F29D} = {B8387463-C619-429B-8F37-EF7D6769382A}
		{4E155524-EFC0-4A65-A519-B8951D167095} = {0DA9E094-88CD-427E-8135-0AE12C1A6B49}
		{ACAED55E-A091-48D8-99C9-FAD3DF45D1F5} = {4E155524-EFC0-4A65-A519-B8951D167095}
		{D9559344-9EE2-4830-89E7-972068B033DC} = {4E155524-EFC0-4A65-A519-B8951D167095}
		{FF1998DD-CC83-4D8C-9DF2-5C54BF6090B7} = {D7C24ABF-BD71-4B0A-8539-CF91B1D6770F}
		{0738FF69-C145-4C42-BB48-2B9175C1962C} = {FF1998DD-CC83-4D8C-9DF2-5C54BF6090B7}
		{D07A8354-BC95-4B63-988E-303821C54B62} = {FF1998DD-CC83-4D8C-9DF2-5C54BF6090B7}
	EndGlobalSection
	GlobalSection(ExtensibilityGlobals) = postSolution
		SolutionGuid = {A0CD34A1-9D11-44BD-8944-D6677F68BF6F}
	EndGlobalSection
EndGlobal
